
Microsoft Visual Studio Solution File, Format Version 12.00
# Visual Studio Version 16
VisualStudioVersion = 16.0.30717.126
MinimumVisualStudioVersion = 10.0.40219.1
Project("{8BC9CEB8-8B4A-11D0-8D11-00A0C91BC942}") = "lab1.2", "lab1.2\lab1.2.vcxproj", "{94AD0A2C-07FB-4A32-8F99-0AB7F7D886A7}"
EndProject
Global
	GlobalSection(SolutionConfigurationPlatforms) = preSolution
		Debug|x64 = Debug|x64
		Debug|x86 = Debug|x86
		Release|x64 = Release|x64
		Release|x86 = Release|x86
	EndGlobalSection
	GlobalSection(ProjectConfigurationPlatforms) = postSolution
		{94AD0A2C-07FB-4A32-8F99-0AB7F7D886A7}.Debug|x64.ActiveCfg = Debug|x64
		{94AD0A2C-07FB-4A32-8F99-0AB7F7D886A7}.Debug|x64.Build.0 = Debug|x64
		{94AD0A2C-07FB-4A32-8F99-0AB7F7D886A7}.Debug|x86.ActiveCfg = Debug|Win32
		{94AD0A2C-07FB-4A32-8F99-0AB7F7D886A7}.Debug|x86.Build.0 = Debug|Win32
		{94AD0A2C-07FB-4A32-8F99-0AB7F7D886A7}.Release|x64.ActiveCfg = Release|x64
		{94AD0A2C-07FB-4A32-8F99-0AB7F7D886A7}.Release|x64.Build.0 = Release|x64
		{94AD0A2C-07FB-4A32-8F99-0AB7F7D886A7}.Release|x86.ActiveCfg = Release|Win32
		{94AD0A2C-07FB-4A32-8F99-0AB7F7D886A7}.Release|x86.Build.0 = Release|Win32
	EndGlobalSection
	GlobalSection(SolutionProperties) = preSolution
		HideSolutionNode = FALSE
	EndGlobalSection
	GlobalSection(ExtensibilityGlobals) = postSolution
		SolutionGuid = {4E9B8CC0-88A9-45B2-B07D-A8CB6EE4FB5D}
	EndGlobalSection
EndGlobal
